// !$*UTF8*$!
{
	archiveVersion = 1;
	classes = {
	};
	objectVersion = 48;
	objects = {

/* Begin PBXBuildFile section */
		81415D0F1FEC0DD700B4494A /* AppDelegate.swift in Sources */ = {isa = PBXBuildFile; fileRef = 81415D0E1FEC0DD700B4494A /* AppDelegate.swift */; };
		81415D111FEC0DD700B4494A /* ViewController.swift in Sources */ = {isa = PBXBuildFile; fileRef = 81415D101FEC0DD700B4494A /* ViewController.swift */; };
		81415D141FEC0DD700B4494A /* Main.storyboard in Resources */ = {isa = PBXBuildFile; fileRef = 81415D121FEC0DD700B4494A /* Main.storyboard */; };
		81415D161FEC0DD700B4494A /* Assets.xcassets in Resources */ = {isa = PBXBuildFile; fileRef = 81415D151FEC0DD700B4494A /* Assets.xcassets */; };
		81415D191FEC0DD700B4494A /* LaunchScreen.storyboard in Resources */ = {isa = PBXBuildFile; fileRef = 81415D171FEC0DD700B4494A /* LaunchScreen.storyboard */; };
		81415D241FEC0DD700B4494A /* DelegationExampleAppTests.swift in Sources */ = {isa = PBXBuildFile; fileRef = 81415D231FEC0DD700B4494A /* DelegationExampleAppTests.swift */; };
		81415D2F1FEC0DD700B4494A /* DelegationExampleAppUITests.swift in Sources */ = {isa = PBXBuildFile; fileRef = 81415D2E1FEC0DD700B4494A /* DelegationExampleAppUITests.swift */; };
/* End PBXBuildFile section */

/* Begin PBXContainerItemProxy section */
		81415D201FEC0DD700B4494A /* PBXContainerItemProxy */ = {
			isa = PBXContainerItemProxy;
			containerPortal = 81415D031FEC0DD700B4494A /* Project object */;
			proxyType = 1;
			remoteGlobalIDString = 81415D0A1FEC0DD700B4494A;
			remoteInfo = DelegationExampleApp;
		};
		81415D2B1FEC0DD700B4494A /* PBXContainerItemProxy */ = {
			isa = PBXContainerItemProxy;
			containerPortal = 81415D031FEC0DD700B4494A /* Project object */;
			proxyType = 1;
			remoteGlobalIDString = 81415D0A1FEC0DD700B4494A;
			remoteInfo = DelegationExampleApp;
		};
/* End PBXContainerItemProxy section */

/* Begin PBXFileReference section */
		81415D0B1FEC0DD700B4494A /* DelegationExampleApp.app */ = {isa = PBXFileReference; explicitFileType = wrapper.application; includeInIndex = 0; path = DelegationExampleApp.app; sourceTree = BUILT_PRODUCTS_DIR; };
		81415D0E1FEC0DD700B4494A /* AppDelegate.swift */ = {isa = PBXFileReference; lastKnownFileType = sourcecode.swift; path = AppDelegate.swift; sourceTree = "<group>"; };
		81415D101FEC0DD700B4494A /* ViewController.swift */ = {isa = PBXFileReference; lastKnownFileType = sourcecode.swift; path = ViewController.swift; sourceTree = "<group>"; };
		81415D131FEC0DD700B4494A /* Base */ = {isa = PBXFileReference; lastKnownFileType = file.storyboard; name = Base; path = Base.lproj/Main.storyboard; sourceTree = "<group>"; };
		81415D151FEC0DD700B4494A /* Assets.xcassets */ = {isa = PBXFileReference; lastKnownFileType = folder.assetcatalog; path = Assets.xcassets; sourceTree = "<group>"; };
		81415D181FEC0DD700B4494A /* Base */ = {isa = PBXFileReference; lastKnownFileType = file.storyboard; name = Base; path = Base.lproj/LaunchScreen.storyboard; sourceTree = "<group>"; };
		81415D1A1FEC0DD700B4494A /* Info.plist */ = {isa = PBXFileReference; lastKnownFileType = text.plist.xml; path = Info.plist; sourceTree = "<group>"; };
		81415D1F1FEC0DD700B4494A /* DelegationExampleAppTests.xctest */ = {isa = PBXFileReference; explicitFileType = wrapper.cfbundle; includeInIndex = 0; path = DelegationExampleAppTests.xctest; sourceTree = BUILT_PRODUCTS_DIR; };
		81415D231FEC0DD700B4494A /* DelegationExampleAppTests.swift */ = {isa = PBXFileReference; lastKnownFileType = sourcecode.swift; path = DelegationExampleAppTests.swift; sourceTree = "<group>"; };
		81415D251FEC0DD700B4494A /* Info.plist */ = {isa = PBXFileReference; lastKnownFileType = text.plist.xml; path = Info.plist; sourceTree = "<group>"; };
		81415D2A1FEC0DD700B4494A /* DelegationExampleAppUITests.xctest */ = {isa = PBXFileReference; explicitFileType = wrapper.cfbundle; includeInIndex = 0; path = DelegationExampleAppUITests.xctest; sourceTree = BUILT_PRODUCTS_DIR; };
		81415D2E1FEC0DD700B4494A /* DelegationExampleAppUITests.swift */ = {isa = PBXFileReference; lastKnownFileType = sourcecode.swift; path = DelegationExampleAppUITests.swift; sourceTree = "<group>"; };
		81415D301FEC0DD700B4494A /* Info.plist */ = {isa = PBXFileReference; lastKnownFileType = text.plist.xml; path = Info.plist; sourceTree = "<group>"; };
/* End PBXFileReference section */

/* Begin PBXFrameworksBuildPhase section */
		81415D081FEC0DD700B4494A /* Frameworks */ = {
			isa = PBXFrameworksBuildPhase;
			buildActionMask = 2147483647;
			files = (
			);
			runOnlyForDeploymentPostprocessing = 0;
		};
		81415D1C1FEC0DD700B4494A /* Frameworks */ = {
			isa = PBXFrameworksBuildPhase;
			buildActionMask = 2147483647;
			files = (
			);
			runOnlyForDeploymentPostprocessing = 0;
		};
		81415D271FEC0DD700B4494A /* Frameworks */ = {
			isa = PBXFrameworksBuildPhase;
			buildActionMask = 2147483647;
			files = (
			);
			runOnlyForDeploymentPostprocessing = 0;
		};
/* End PBXFrameworksBuildPhase section */

/* Begin PBXGroup section */
		81415D021FEC0DD700B4494A = {
			isa = PBXGroup;
			children = (
				81415D0D1FEC0DD700B4494A /* DelegationExampleApp */,
				81415D221FEC0DD700B4494A /* DelegationExampleAppTests */,
				81415D2D1FEC0DD700B4494A /* DelegationExampleAppUITests */,
				81415D0C1FEC0DD700B4494A /* Products */,
			);
			sourceTree = "<group>";
		};
		81415D0C1FEC0DD700B4494A /* Products */ = {
			isa = PBXGroup;
			children = (
				81415D0B1FEC0DD700B4494A /* DelegationExampleApp.app */,
				81415D1F1FEC0DD700B4494A /* DelegationExampleAppTests.xctest */,
				81415D2A1FEC0DD700B4494A /* DelegationExampleAppUITests.xctest */,
			);
			name = Products;
			sourceTree = "<group>";
		};
		81415D0D1FEC0DD700B4494A /* DelegationExampleApp */ = {
			isa = PBXGroup;
			children = (
				81415D0E1FEC0DD700B4494A /* AppDelegate.swift */,
				81415D101FEC0DD700B4494A /* ViewController.swift */,
				81415D121FEC0DD700B4494A /* Main.storyboard */,
				81415D151FEC0DD700B4494A /* Assets.xcassets */,
				81415D171FEC0DD700B4494A /* LaunchScreen.storyboard */,
				81415D1A1FEC0DD700B4494A /* Info.plist */,
			);
			path = DelegationExampleApp;
			sourceTree = "<group>";
		};
		81415D221FEC0DD700B4494A /* DelegationExampleAppTests */ = {
			isa = PBXGroup;
			children = (
				81415D231FEC0DD700B4494A /* DelegationExampleAppTests.swift */,
				81415D251FEC0DD700B4494A /* Info.plist */,
			);
			path = DelegationExampleAppTests;
			sourceTree = "<group>";
		};
		81415D2D1FEC0DD700B4494A /* DelegationExampleAppUITests */ = {
			isa = PBXGroup;
			children = (
				81415D2E1FEC0DD700B4494A /* DelegationExampleAppUITests.swift */,
				81415D301FEC0DD700B4494A /* Info.plist */,
			);
			path = DelegationExampleAppUITests;
			sourceTree = "<group>";
		};
/* End PBXGroup section */

/* Begin PBXNativeTarget section */
		81415D0A1FEC0DD700B4494A /* DelegationExampleApp */ = {
			isa = PBXNativeTarget;
			buildConfigurationList = 81415D331FEC0DD700B4494A /* Build configuration list for PBXNativeTarget "DelegationExampleApp" */;
			buildPhases = (
				81415D071FEC0DD700B4494A /* Sources */,
				81415D081FEC0DD700B4494A /* Frameworks */,
				81415D091FEC0DD700B4494A /* Resources */,
			);
			buildRules = (
			);
			dependencies = (
			);
			name = DelegationExampleApp;
			productName = DelegationExampleApp;
			productReference = 81415D0B1FEC0DD700B4494A /* DelegationExampleApp.app */;
			productType = "com.apple.product-type.application";
		};
		81415D1E1FEC0DD700B4494A /* DelegationExampleAppTests */ = {
			isa = PBXNativeTarget;
			buildConfigurationList = 81415D361FEC0DD700B4494A /* Build configuration list for PBXNativeTarget "DelegationExampleAppTests" */;
			buildPhases = (
				81415D1B1FEC0DD700B4494A /* Sources */,
				81415D1C1FEC0DD700B4494A /* Frameworks */,
				81415D1D1FEC0DD700B4494A /* Resources */,
			);
			buildRules = (
			);
			dependencies = (
				81415D211FEC0DD700B4494A /* PBXTargetDependency */,
			);
			name = DelegationExampleAppTests;
			productName = DelegationExampleAppTests;
			productReference = 81415D1F1FEC0DD700B4494A /* DelegationExampleAppTests.xctest */;
			productType = "com.apple.product-type.bundle.unit-test";
		};
		81415D291FEC0DD700B4494A /* DelegationExampleAppUITests */ = {
			isa = PBXNativeTarget;
			buildConfigurationList = 81415D391FEC0DD700B4494A /* Build configuration list for PBXNativeTarget "DelegationExampleAppUITests" */;
			buildPhases = (
				81415D261FEC0DD700B4494A /* Sources */,
				81415D271FEC0DD700B4494A /* Frameworks */,
				81415D281FEC0DD700B4494A /* Resources */,
			);
			buildRules = (
			);
			dependencies = (
				81415D2C1FEC0DD700B4494A /* PBXTargetDependency */,
			);
			name = DelegationExampleAppUITests;
			productName = DelegationExampleAppUITests;
			productReference = 81415D2A1FEC0DD700B4494A /* DelegationExampleAppUITests.xctest */;
			productType = "com.apple.product-type.bundle.ui-testing";
		};
/* End PBXNativeTarget section */

/* Begin PBXProject section */
		81415D031FEC0DD700B4494A /* Project object */ = {
			isa = PBXProject;
			attributes = {
				LastSwiftUpdateCheck = 0920;
				LastUpgradeCheck = 0920;
				ORGANIZATIONNAME = "Vikash Hart";
				TargetAttributes = {
					81415D0A1FEC0DD700B4494A = {
						CreatedOnToolsVersion = 9.2;
						ProvisioningStyle = Automatic;
					};
					81415D1E1FEC0DD700B4494A = {
						CreatedOnToolsVersion = 9.2;
						ProvisioningStyle = Automatic;
						TestTargetID = 81415D0A1FEC0DD700B4494A;
					};
					81415D291FEC0DD700B4494A = {
						CreatedOnToolsVersion = 9.2;
						ProvisioningStyle = Automatic;
						TestTargetID = 81415D0A1FEC0DD700B4494A;
					};
				};
			};
			buildConfigurationList = 81415D061FEC0DD700B4494A /* Build configuration list for PBXProject "DelegationExampleApp" */;
			compatibilityVersion = "Xcode 8.0";
			developmentRegion = en;
			hasScannedForEncodings = 0;
			knownRegions = (
				en,
				Base,
			);
			mainGroup = 81415D021FEC0DD700B4494A;
			productRefGroup = 81415D0C1FEC0DD700B4494A /* Products */;
			projectDirPath = "";
			projectRoot = "";
			targets = (
				81415D0A1FEC0DD700B4494A /* DelegationExampleApp */,
				81415D1E1FEC0DD700B4494A /* DelegationExampleAppTests */,
				81415D291FEC0DD700B4494A /* DelegationExampleAppUITests */,
			);
		};
/* End PBXProject section */

/* Begin PBXResourcesBuildPhase section */
		81415D091FEC0DD700B4494A /* Resources */ = {
			isa = PBXResourcesBuildPhase;
			buildActionMask = 2147483647;
			files = (
				81415D191FEC0DD700B4494A /* LaunchScreen.storyboard in Resources */,
				81415D161FEC0DD700B4494A /* Assets.xcassets in Resources */,
				81415D141FEC0DD700B4494A /* Main.storyboard in Resources */,
			);
			runOnlyForDeploymentPostprocessing = 0;
		};
		81415D1D1FEC0DD700B4494A /* Resources */ = {
			isa = PBXResourcesBuildPhase;
			buildActionMask = 2147483647;
			files = (
			);
			runOnlyForDeploymentPostprocessing = 0;
		};
		81415D281FEC0DD700B4494A /* Resources */ = {
			isa = PBXResourcesBuildPhase;
			buildActionMask = 2147483647;
			files = (
			);
			runOnlyForDeploymentPostprocessing = 0;
		};
/* End PBXResourcesBuildPhase section */

/* Begin PBXSourcesBuildPhase section */
		81415D071FEC0DD700B4494A /* Sources */ = {
			isa = PBXSourcesBuildPhase;
			buildActionMask = 2147483647;
			files = (
				81415D111FEC0DD700B4494A /* ViewController.swift in Sources */,
				81415D0F1FEC0DD700B4494A /* AppDelegate.swift in Sources */,
			);
			runOnlyForDeploymentPostprocessing = 0;
		};
		81415D1B1FEC0DD700B4494A /* Sources */ = {
			isa = PBXSourcesBuildPhase;
			buildActionMask = 2147483647;
			files = (
				81415D241FEC0DD700B4494A /* DelegationExampleAppTests.swift in Sources */,
			);
			runOnlyForDeploymentPostprocessing = 0;
		};
		81415D261FEC0DD700B4494A /* Sources */ = {
			isa = PBXSourcesBuildPhase;
			buildActionMask = 2147483647;
			files = (
				81415D2F1FEC0DD700B4494A /* DelegationExampleAppUITests.swift in Sources */,
			);
			runOnlyForDeploymentPostprocessing = 0;
		};
/* End PBXSourcesBuildPhase section */

/* Begin PBXTargetDependency section */
		81415D211FEC0DD700B4494A /* PBXTargetDependency */ = {
			isa = PBXTargetDependency;
			target = 81415D0A1FEC0DD700B4494A /* DelegationExampleApp */;
			targetProxy = 81415D201FEC0DD700B4494A /* PBXContainerItemProxy */;
		};
		81415D2C1FEC0DD700B4494A /* PBXTargetDependency */ = {
			isa = PBXTargetDependency;
			target = 81415D0A1FEC0DD700B4494A /* DelegationExampleApp */;
			targetProxy = 81415D2B1FEC0DD700B4494A /* PBXContainerItemProxy */;
		};
/* End PBXTargetDependency section */

/* Begin PBXVariantGroup section */
		81415D121FEC0DD700B4494A /* Main.storyboard */ = {
			isa = PBXVariantGroup;
			children = (
				81415D131FEC0DD700B4494A /* Base */,
			);
			name = Main.storyboard;
			sourceTree = "<group>";
		};
		81415D171FEC0DD700B4494A /* LaunchScreen.storyboard */ = {
			isa = PBXVariantGroup;
			children = (
				81415D181FEC0DD700B4494A /* Base */,
			);
			name = LaunchScreen.storyboard;
			sourceTree = "<group>";
		};
/* End PBXVariantGroup section */

/* Begin XCBuildConfiguration section */
		81415D311FEC0DD700B4494A /* Debug */ = {
			isa = XCBuildConfiguration;
			buildSettings = {
				ALWAYS_SEARCH_USER_PATHS = NO;
				CLANG_ANALYZER_NONNULL = YES;
				CLANG_ANALYZER_NUMBER_OBJECT_CONVERSION = YES_AGGRESSIVE;
				CLANG_CXX_LANGUAGE_STANDARD = "gnu++14";
				CLANG_CXX_LIBRARY = "libc++";
				CLANG_ENABLE_MODULES = YES;
				CLANG_ENABLE_OBJC_ARC = YES;
				CLANG_WARN_BLOCK_CAPTURE_AUTORELEASING = YES;
				CLANG_WARN_BOOL_CONVERSION = YES;
				CLANG_WARN_COMMA = YES;
				CLANG_WARN_CONSTANT_CONVERSION = YES;
				CLANG_WARN_DIRECT_OBJC_ISA_USAGE = YES_ERROR;
				CLANG_WARN_DOCUMENTATION_COMMENTS = YES;
				CLANG_WARN_EMPTY_BODY = YES;
				CLANG_WARN_ENUM_CONVERSION = YES;
				CLANG_WARN_INFINITE_RECURSION = YES;
				CLANG_WARN_INT_CONVERSION = YES;
				CLANG_WARN_NON_LITERAL_NULL_CONVERSION = YES;
				CLANG_WARN_OBJC_LITERAL_CONVERSION = YES;
				CLANG_WARN_OBJC_ROOT_CLASS = YES_ERROR;
				CLANG_WARN_RANGE_LOOP_ANALYSIS = YES;
				CLANG_WARN_STRICT_PROTOTYPES = YES;
				CLANG_WARN_SUSPICIOUS_MOVE = YES;
				CLANG_WARN_UNGUARDED_AVAILABILITY = YES_AGGRESSIVE;
				CLANG_WARN_UNREACHABLE_CODE = YES;
				CLANG_WARN__DUPLICATE_METHOD_MATCH = YES;
				CODE_SIGN_IDENTITY = "iPhone Developer";
				COPY_PHASE_STRIP = NO;
				DEBUG_INFORMATION_FORMAT = dwarf;
				ENABLE_STRICT_OBJC_MSGSEND = YES;
				ENABLE_TESTABILITY = YES;
				GCC_C_LANGUAGE_STANDARD = gnu11;
				GCC_DYNAMIC_NO_PIC = NO;
				GCC_NO_COMMON_BLOCKS = YES;
				GCC_OPTIMIZATION_LEVEL = 0;
				GCC_PREPROCESSOR_DEFINITIONS = (
					"DEBUG=1",
					"$(inherited)",
				);
				GCC_WARN_64_TO_32_BIT_CONVERSION = YES;
				GCC_WARN_ABOUT_RETURN_TYPE = YES_ERROR;
				GCC_WARN_UNDECLARED_SELECTOR = YES;
				GCC_WARN_UNINITIALIZED_AUTOS = YES_AGGRESSIVE;
				GCC_WARN_UNUSED_FUNCTION = YES;
				GCC_WARN_UNUSED_VARIABLE = YES;
				IPHONEOS_DEPLOYMENT_TARGET = 11.2;
				MTL_ENABLE_DEBUG_INFO = YES;
				ONLY_ACTIVE_ARCH = YES;
				SDKROOT = iphoneos;
				SWIFT_ACTIVE_COMPILATION_CONDITIONS = DEBUG;
				SWIFT_OPTIMIZATION_LEVEL = "-Onone";
			};
			name = Debug;
		};
		81415D321FEC0DD700B4494A /* Release */ = {
			isa = XCBuildConfiguration;
			buildSettings = {
				ALWAYS_SEARCH_USER_PATHS = NO;
				CLANG_ANALYZER_NONNULL = YES;
				CLANG_ANALYZER_NUMBER_OBJECT_CONVERSION = YES_AGGRESSIVE;
				CLANG_CXX_LANGUAGE_STANDARD = "gnu++14";
				CLANG_CXX_LIBRARY = "libc++";
				CLANG_ENABLE_MODULES = YES;
				CLANG_ENABLE_OBJC_ARC = YES;
				CLANG_WARN_BLOCK_CAPTURE_AUTORELEASING = YES;
				CLANG_WARN_BOOL_CONVERSION = YES;
				CLANG_WARN_COMMA = YES;
				CLANG_WARN_CONSTANT_CONVERSION = YES;
				CLANG_WARN_DIRECT_OBJC_ISA_USAGE = YES_ERROR;
				CLANG_WARN_DOCUMENTATION_COMMENTS = YES;
				CLANG_WARN_EMPTY_BODY = YES;
				CLANG_WARN_ENUM_CONVERSION = YES;
				CLANG_WARN_INFINITE_RECURSION = YES;
				CLANG_WARN_INT_CONVERSION = YES;
				CLANG_WARN_NON_LITERAL_NULL_CONVERSION = YES;
				CLANG_WARN_OBJC_LITERAL_CONVERSION = YES;
				CLANG_WARN_OBJC_ROOT_CLASS = YES_ERROR;
				CLANG_WARN_RANGE_LOOP_ANALYSIS = YES;
				CLANG_WARN_STRICT_PROTOTYPES = YES;
				CLANG_WARN_SUSPICIOUS_MOVE = YES;
				CLANG_WARN_UNGUARDED_AVAILABILITY = YES_AGGRESSIVE;
				CLANG_WARN_UNREACHABLE_CODE = YES;
				CLANG_WARN__DUPLICATE_METHOD_MATCH = YES;
				CODE_SIGN_IDENTITY = "iPhone Developer";
				COPY_PHASE_STRIP = NO;
				DEBUG_INFORMATION_FORMAT = "dwarf-with-dsym";
				ENABLE_NS_ASSERTIONS = NO;
				ENABLE_STRICT_OBJC_MSGSEND = YES;
				GCC_C_LANGUAGE_STANDARD = gnu11;
				GCC_NO_COMMON_BLOCKS = YES;
				GCC_WARN_64_TO_32_BIT_CONVERSION = YES;
				GCC_WARN_ABOUT_RETURN_TYPE = YES_ERROR;
				GCC_WARN_UNDECLARED_SELECTOR = YES;
				GCC_WARN_UNINITIALIZED_AUTOS = YES_AGGRESSIVE;
				GCC_WARN_UNUSED_FUNCTION = YES;
				GCC_WARN_UNUSED_VARIABLE = YES;
				IPHONEOS_DEPLOYMENT_TARGET = 11.2;
				MTL_ENABLE_DEBUG_INFO = NO;
				SDKROOT = iphoneos;
				SWIFT_OPTIMIZATION_LEVEL = "-Owholemodule";
				VALIDATE_PRODUCT = YES;
			};
			name = Release;
		};
		81415D341FEC0DD700B4494A /* Debug */ = {
			isa = XCBuildConfiguration;
			buildSettings = {
				ASSETCATALOG_COMPILER_APPICON_NAME = AppIcon;
				CODE_SIGN_STYLE = Automatic;
				INFOPLIST_FILE = DelegationExampleApp/Info.plist;
				LD_RUNPATH_SEARCH_PATHS = "$(inherited) @executable_path/Frameworks";
				PRODUCT_BUNDLE_IDENTIFIER = "Vikash-Hart.DelegationExampleApp";
				PRODUCT_NAME = "$(TARGET_NAME)";
				SWIFT_VERSION = 4.0;
				TARGETED_DEVICE_FAMILY = "1,2";
			};
			name = Debug;
		};
		81415D351FEC0DD700B4494A /* Release */ = {
			isa = XCBuildConfiguration;
			buildSettings = {
				ASSETCATALOG_COMPILER_APPICON_NAME = AppIcon;
				CODE_SIGN_STYLE = Automatic;
				INFOPLIST_FILE = DelegationExampleApp/Info.plist;
				LD_RUNPATH_SEARCH_PATHS = "$(inherited) @executable_path/Frameworks";
				PRODUCT_BUNDLE_IDENTIFIER = "Vikash-Hart.DelegationExampleApp";
				PRODUCT_NAME = "$(TARGET_NAME)";
				SWIFT_VERSION = 4.0;
				TARGETED_DEVICE_FAMILY = "1,2";
			};
			name = Release;
		};
		81415D371FEC0DD700B4494A /* Debug */ = {
			isa = XCBuildConfiguration;
			buildSettings = {
				ALWAYS_EMBED_SWIFT_STANDARD_LIBRARIES = YES;
				BUNDLE_LOADER = "$(TEST_HOST)";
				CODE_SIGN_STYLE = Automatic;
				INFOPLIST_FILE = DelegationExampleAppTests/Info.plist;
				LD_RUNPATH_SEARCH_PATHS = "$(inherited) @executable_path/Frameworks @loader_path/Frameworks";
				PRODUCT_BUNDLE_IDENTIFIER = "Vikash-Hart.DelegationExampleAppTests";
				PRODUCT_NAME = "$(TARGET_NAME)";
				SWIFT_VERSION = 4.0;
				TARGETED_DEVICE_FAMILY = "1,2";
				TEST_HOST = "$(BUILT_PRODUCTS_DIR)/DelegationExampleApp.app/DelegationExampleApp";
			};
			name = Debug;
		};
		81415D381FEC0DD700B4494A /* Release */ = {
			isa = XCBuildConfiguration;
			buildSettings = {
				ALWAYS_EMBED_SWIFT_STANDARD_LIBRARIES = YES;
				BUNDLE_LOADER = "$(TEST_HOST)";
				CODE_SIGN_STYLE = Automatic;
				INFOPLIST_FILE = DelegationExampleAppTests/Info.plist;
				LD_RUNPATH_SEARCH_PATHS = "$(inherited) @executable_path/Frameworks @loader_path/Frameworks";
				PRODUCT_BUNDLE_IDENTIFIER = "Vikash-Hart.DelegationExampleAppTests";
				PRODUCT_NAME = "$(TARGET_NAME)";
				SWIFT_VERSION = 4.0;
				TARGETED_DEVICE_FAMILY = "1,2";
				TEST_HOST = "$(BUILT_PRODUCTS_DIR)/DelegationExampleApp.app/DelegationExampleApp";
			};
			name = Release;
		};
		81415D3A1FEC0DD700B4494A /* Debug */ = {
			isa = XCBuildConfiguration;
			buildSettings = {
				ALWAYS_EMBED_SWIFT_STANDARD_LIBRARIES = YES;
				CODE_SIGN_STYLE = Automatic;
				INFOPLIST_FILE = DelegationExampleAppUITests/Info.plist;
				LD_RUNPATH_SEARCH_PATHS = "$(inherited) @executable_path/Frameworks @loader_path/Frameworks";
				PRODUCT_BUNDLE_IDENTIFIER = "Vikash-Hart.DelegationExampleAppUITests";
				PRODUCT_NAME = "$(TARGET_NAME)";
				SWIFT_VERSION = 4.0;
				TARGETED_DEVICE_FAMILY = "1,2";
				TEST_TARGET_NAME = DelegationExampleApp;
			};
			name = Debug;
		};
		81415D3B1FEC0DD700B4494A /* Release */ = {
			isa = XCBuildConfiguration;
			buildSettings = {
				ALWAYS_EMBED_SWIFT_STANDARD_LIBRARIES = YES;
				CODE_SIGN_STYLE = Automatic;
				INFOPLIST_FILE = DelegationExampleAppUITests/Info.plist;
				LD_RUNPATH_SEARCH_PATHS = "$(inherited) @executable_path/Frameworks @loader_path/Frameworks";
				PRODUCT_BUNDLE_IDENTIFIER = "Vikash-Hart.DelegationExampleAppUITests";
				PRODUCT_NAME = "$(TARGET_NAME)";
				SWIFT_VERSION = 4.0;
				TARGETED_DEVICE_FAMILY = "1,2";
				TEST_TARGET_NAME = DelegationExampleApp;
			};
			name = Release;
		};
/* End XCBuildConfiguration section */

/* Begin XCConfigurationList section */
		81415D061FEC0DD700B4494A /* Build configuration list for PBXProject "DelegationExampleApp" */ = {
			isa = XCConfigurationList;
			buildConfigurations = (
				81415D311FEC0DD700B4494A /* Debug */,
				81415D321FEC0DD700B4494A /* Release */,
			);
			defaultConfigurationIsVisible = 0;
			defaultConfigurationName = Release;
		};
		81415D331FEC0DD700B4494A /* Build configuration list for PBXNativeTarget "DelegationExampleApp" */ = {
			isa = XCConfigurationList;
			buildConfigurations = (
				81415D341FEC0DD700B4494A /* Debug */,
				81415D351FEC0DD700B4494A /* Release */,
			);
			defaultConfigurationIsVisible = 0;
			defaultConfigurationName = Release;
		};
		81415D361FEC0DD700B4494A /* Build configuration list for PBXNativeTarget "DelegationExampleAppTests" */ = {
			isa = XCConfigurationList;
			buildConfigurations = (
				81415D371FEC0DD700B4494A /* Debug */,
				81415D381FEC0DD700B4494A /* Release */,
			);
			defaultConfigurationIsVisible = 0;
			defaultConfigurationName = Release;
		};
		81415D391FEC0DD700B4494A /* Build configuration list for PBXNativeTarget "DelegationExampleAppUITests" */ = {
			isa = XCConfigurationList;
			buildConfigurations = (
				81415D3A1FEC0DD700B4494A /* Debug */,
				81415D3B1FEC0DD700B4494A /* Release */,
			);
			defaultConfigurationIsVisible = 0;
			defaultConfigurationName = Release;
		};
/* End XCConfigurationList section */
	};
	rootObject = 81415D031FEC0DD700B4494A /* Project object */;
}
